
Microsoft Visual Studio Solution File, Format Version 12.00
# Visual Studio Version 17
VisualStudioVersion = 17.4.33213.308
MinimumVisualStudioVersion = 10.0.40219.1
Project("{FAE04EC0-301F-11D3-BF4B-00C04F79EFBC}") = "STOPWATCH", "STOPWATCH.csproj", "{BDD53860-BAFE-43E6-862C-1A44409729FF}"
EndProject
Global
	GlobalSection(SolutionConfigurationPlatforms) = preSolution
		Debug|Any CPU = Debug|Any CPU
		Release|Any CPU = Release|Any CPU
	EndGlobalSection
	GlobalSection(ProjectConfigurationPlatforms) = postSolution
		{BDD53860-BAFE-43E6-862C-1A44409729FF}.Debug|Any CPU.ActiveCfg = Debug|Any CPU
		{BDD53860-BAFE-43E6-862C-1A44409729FF}.Debug|Any CPU.Build.0 = Debug|Any CPU
		{BDD53860-BAFE-43E6-862C-1A44409729FF}.Release|Any CPU.ActiveCfg = Release|Any CPU
		{BDD53860-BAFE-43E6-862C-1A44409729FF}.Release|Any CPU.Build.0 = Release|Any CPU
	EndGlobalSection
	GlobalSection(SolutionProperties) = preSolution
		HideSolutionNode = FALSE
	EndGlobalSection
	GlobalSection(ExtensibilityGlobals) = postSolution
		SolutionGuid = {6F71D4C8-F011-400B-9AEA-4A506DD0CF7B}
	EndGlobalSection
EndGlobal
